// !$*UTF8*$!
{
	archiveVersion = 1;
	classes = {
	};
	objectVersion = 46;
	objects = {

/* Begin PBXBuildFile section */
		DD14919F143D86AA0093C0AA /* UIKit.framework in Frameworks */ = {isa = PBXBuildFile; fileRef = DD14919E143D86AA0093C0AA /* UIKit.framework */; };
		DD1491A1143D86AA0093C0AA /* Foundation.framework in Frameworks */ = {isa = PBXBuildFile; fileRef = DD1491A0143D86AA0093C0AA /* Foundation.framework */; };
		DD1491A3143D86AA0093C0AA /* CoreGraphics.framework in Frameworks */ = {isa = PBXBuildFile; fileRef = DD1491A2143D86AA0093C0AA /* CoreGraphics.framework */; };
		DD1491A9143D86AA0093C0AA /* InfoPlist.strings in Resources */ = {isa = PBXBuildFile; fileRef = DD1491A7143D86AA0093C0AA /* InfoPlist.strings */; };
		DD1491AB143D86AA0093C0AA /* main.m in Sources */ = {isa = PBXBuildFile; fileRef = DD1491AA143D86AA0093C0AA /* main.m */; };
		DD1491AF143D86AA0093C0AA /* UIActionSheetTryAppDelegate.m in Sources */ = {isa = PBXBuildFile; fileRef = DD1491AE143D86AA0093C0AA /* UIActionSheetTryAppDelegate.m */; };
		DD1491B2143D86AA0093C0AA /* MainWindow.xib in Resources */ = {isa = PBXBuildFile; fileRef = DD1491B0143D86AA0093C0AA /* MainWindow.xib */; };
		DD1491B5143D86AA0093C0AA /* UIActionSheetTryViewController.m in Sources */ = {isa = PBXBuildFile; fileRef = DD1491B4143D86AA0093C0AA /* UIActionSheetTryViewController.m */; };
		DD1491B8143D86AB0093C0AA /* UIActionSheetTryViewController.xib in Resources */ = {isa = PBXBuildFile; fileRef = DD1491B6143D86AA0093C0AA /* UIActionSheetTryViewController.xib */; };
/* End PBXBuildFile section */

/* Begin PBXFileReference section */
		DD14919A143D86AA0093C0AA /* UIActionSheetTry.app */ = {isa = PBXFileReference; explicitFileType = wrapper.application; includeInIndex = 0; path = UIActionSheetTry.app; sourceTree = BUILT_PRODUCTS_DIR; };
		DD14919E143D86AA0093C0AA /* UIKit.framework */ = {isa = PBXFileReference; lastKnownFileType = wrapper.framework; name = UIKit.framework; path = System/Library/Frameworks/UIKit.framework; sourceTree = SDKROOT; };
		DD1491A0143D86AA0093C0AA /* Foundation.framework */ = {isa = PBXFileReference; lastKnownFileType = wrapper.framework; name = Foundation.framework; path = System/Library/Frameworks/Foundation.framework; sourceTree = SDKROOT; };
		DD1491A2143D86AA0093C0AA /* CoreGraphics.framework */ = {isa = PBXFileReference; lastKnownFileType = wrapper.framework; name = CoreGraphics.framework; path = System/Library/Frameworks/CoreGraphics.framework; sourceTree = SDKROOT; };
		DD1491A6143D86AA0093C0AA /* UIActionSheetTry-Info.plist */ = {isa = PBXFileReference; lastKnownFileType = text.plist.xml; path = "UIActionSheetTry-Info.plist"; sourceTree = "<group>"; };
		DD1491A8143D86AA0093C0AA /* en */ = {isa = PBXFileReference; lastKnownFileType = text.plist.strings; name = en; path = en.lproj/InfoPlist.strings; sourceTree = "<group>"; };
		DD1491AA143D86AA0093C0AA /* main.m */ = {isa = PBXFileReference; lastKnownFileType = sourcecode.c.objc; path = main.m; sourceTree = "<group>"; };
		DD1491AC143D86AA0093C0AA /* UIActionSheetTry-Prefix.pch */ = {isa = PBXFileReference; lastKnownFileType = sourcecode.c.h; path = "UIActionSheetTry-Prefix.pch"; sourceTree = "<group>"; };
		DD1491AD143D86AA0093C0AA /* UIActionSheetTryAppDelegate.h */ = {isa = PBXFileReference; lastKnownFileType = sourcecode.c.h; path = UIActionSheetTryAppDelegate.h; sourceTree = "<group>"; };
		DD1491AE143D86AA0093C0AA /* UIActionSheetTryAppDelegate.m */ = {isa = PBXFileReference; lastKnownFileType = sourcecode.c.objc; path = UIActionSheetTryAppDelegate.m; sourceTree = "<group>"; };
		DD1491B1143D86AA0093C0AA /* en */ = {isa = PBXFileReference; lastKnownFileType = file.xib; name = en; path = en.lproj/MainWindow.xib; sourceTree = "<group>"; };
		DD1491B3143D86AA0093C0AA /* UIActionSheetTryViewController.h */ = {isa = PBXFileReference; lastKnownFileType = sourcecode.c.h; path = UIActionSheetTryViewController.h; sourceTree = "<group>"; };
		DD1491B4143D86AA0093C0AA /* UIActionSheetTryViewController.m */ = {isa = PBXFileReference; lastKnownFileType = sourcecode.c.objc; path = UIActionSheetTryViewController.m; sourceTree = "<group>"; };
		DD1491B7143D86AB0093C0AA /* en */ = {isa = PBXFileReference; lastKnownFileType = file.xib; name = en; path = en.lproj/UIActionSheetTryViewController.xib; sourceTree = "<group>"; };
/* End PBXFileReference section */

/* Begin PBXFrameworksBuildPhase section */
		DD149197143D86AA0093C0AA /* Frameworks */ = {
			isa = PBXFrameworksBuildPhase;
			buildActionMask = 2147483647;
			files = (
				DD14919F143D86AA0093C0AA /* UIKit.framework in Frameworks */,
				DD1491A1143D86AA0093C0AA /* Foundation.framework in Frameworks */,
				DD1491A3143D86AA0093C0AA /* CoreGraphics.framework in Frameworks */,
			);
			runOnlyForDeploymentPostprocessing = 0;
		};
/* End PBXFrameworksBuildPhase section */

/* Begin PBXGroup section */
		DD14918F143D86AA0093C0AA = {
			isa = PBXGroup;
			children = (
				DD1491A4143D86AA0093C0AA /* UIActionSheetTry */,
				DD14919D143D86AA0093C0AA /* Frameworks */,
				DD14919B143D86AA0093C0AA /* Products */,
			);
			sourceTree = "<group>";
		};
		DD14919B143D86AA0093C0AA /* Products */ = {
			isa = PBXGroup;
			children = (
				DD14919A143D86AA0093C0AA /* UIActionSheetTry.app */,
			);
			name = Products;
			sourceTree = "<group>";
		};
		DD14919D143D86AA0093C0AA /* Frameworks */ = {
			isa = PBXGroup;
			children = (
				DD14919E143D86AA0093C0AA /* UIKit.framework */,
				DD1491A0143D86AA0093C0AA /* Foundation.framework */,
				DD1491A2143D86AA0093C0AA /* CoreGraphics.framework */,
			);
			name = Frameworks;
			sourceTree = "<group>";
		};
		DD1491A4143D86AA0093C0AA /* UIActionSheetTry */ = {
			isa = PBXGroup;
			children = (
				DD1491AD143D86AA0093C0AA /* UIActionSheetTryAppDelegate.h */,
				DD1491AE143D86AA0093C0AA /* UIActionSheetTryAppDelegate.m */,
				DD1491B0143D86AA0093C0AA /* MainWindow.xib */,
				DD1491B3143D86AA0093C0AA /* UIActionSheetTryViewController.h */,
				DD1491B4143D86AA0093C0AA /* UIActionSheetTryViewController.m */,
				DD1491B6143D86AA0093C0AA /* UIActionSheetTryViewController.xib */,
				DD1491A5143D86AA0093C0AA /* Supporting Files */,
			);
			path = UIActionSheetTry;
			sourceTree = "<group>";
		};
		DD1491A5143D86AA0093C0AA /* Supporting Files */ = {
			isa = PBXGroup;
			children = (
				DD1491A6143D86AA0093C0AA /* UIActionSheetTry-Info.plist */,
				DD1491A7143D86AA0093C0AA /* InfoPlist.strings */,
				DD1491AA143D86AA0093C0AA /* main.m */,
				DD1491AC143D86AA0093C0AA /* UIActionSheetTry-Prefix.pch */,
			);
			name = "Supporting Files";
			sourceTree = "<group>";
		};
/* End PBXGroup section */

/* Begin PBXNativeTarget section */
		DD149199143D86AA0093C0AA /* UIActionSheetTry */ = {
			isa = PBXNativeTarget;
			buildConfigurationList = DD1491BB143D86AB0093C0AA /* Build configuration list for PBXNativeTarget "UIActionSheetTry" */;
			buildPhases = (
				DD149196143D86AA0093C0AA /* Sources */,
				DD149197143D86AA0093C0AA /* Frameworks */,
				DD149198143D86AA0093C0AA /* Resources */,
			);
			buildRules = (
			);
			dependencies = (
			);
			name = UIActionSheetTry;
			productName = UIActionSheetTry;
			productReference = DD14919A143D86AA0093C0AA /* UIActionSheetTry.app */;
			productType = "com.apple.product-type.application";
		};
/* End PBXNativeTarget section */

/* Begin PBXProject section */
		DD149191143D86AA0093C0AA /* Project object */ = {
			isa = PBXProject;
			buildConfigurationList = DD149194143D86AA0093C0AA /* Build configuration list for PBXProject "UIActionSheetTry" */;
			compatibilityVersion = "Xcode 3.2";
			developmentRegion = English;
			hasScannedForEncodings = 0;
			knownRegions = (
				en,
			);
			mainGroup = DD14918F143D86AA0093C0AA;
			productRefGroup = DD14919B143D86AA0093C0AA /* Products */;
			projectDirPath = "";
			projectRoot = "";
			targets = (
				DD149199143D86AA0093C0AA /* UIActionSheetTry */,
			);
		};
/* End PBXProject section */

/* Begin PBXResourcesBuildPhase section */
		DD149198143D86AA0093C0AA /* Resources */ = {
			isa = PBXResourcesBuildPhase;
			buildActionMask = 2147483647;
			files = (
				DD1491A9143D86AA0093C0AA /* InfoPlist.strings in Resources */,
				DD1491B2143D86AA0093C0AA /* MainWindow.xib in Resources */,
				DD1491B8143D86AB0093C0AA /* UIActionSheetTryViewController.xib in Resources */,
			);
			runOnlyForDeploymentPostprocessing = 0;
		};
/* End PBXResourcesBuildPhase section */

/* Begin PBXSourcesBuildPhase section */
		DD149196143D86AA0093C0AA /* Sources */ = {
			isa = PBXSourcesBuildPhase;
			buildActionMask = 2147483647;
			files = (
				DD1491AB143D86AA0093C0AA /* main.m in Sources */,
				DD1491AF143D86AA0093C0AA /* UIActionSheetTryAppDelegate.m in Sources */,
				DD1491B5143D86AA0093C0AA /* UIActionSheetTryViewController.m in Sources */,
			);
			runOnlyForDeploymentPostprocessing = 0;
		};
/* End PBXSourcesBuildPhase section */

/* Begin PBXVariantGroup section */
		DD1491A7143D86AA0093C0AA /* InfoPlist.strings */ = {
			isa = PBXVariantGroup;
			children = (
				DD1491A8143D86AA0093C0AA /* en */,
			);
			name = InfoPlist.strings;
			sourceTree = "<group>";
		};
		DD1491B0143D86AA0093C0AA /* MainWindow.xib */ = {
			isa = PBXVariantGroup;
			children = (
				DD1491B1143D86AA0093C0AA /* en */,
			);
			name = MainWindow.xib;
			sourceTree = "<group>";
		};
		DD1491B6143D86AA0093C0AA /* UIActionSheetTryViewController.xib */ = {
			isa = PBXVariantGroup;
			children = (
				DD1491B7143D86AB0093C0AA /* en */,
			);
			name = UIActionSheetTryViewController.xib;
			sourceTree = "<group>";
		};
/* End PBXVariantGroup section */

/* Begin XCBuildConfiguration section */
		DD1491B9143D86AB0093C0AA /* Debug */ = {
			isa = XCBuildConfiguration;
			buildSettings = {
				ALWAYS_SEARCH_USER_PATHS = NO;
				ARCHS = "$(ARCHS_STANDARD_32_BIT)";
				"CODE_SIGN_IDENTITY[sdk=iphoneos*]" = "iPhone Developer";
				COPY_PHASE_STRIP = NO;
				GCC_C_LANGUAGE_STANDARD = gnu99;
				GCC_DYNAMIC_NO_PIC = NO;
				GCC_OPTIMIZATION_LEVEL = 0;
				GCC_PREPROCESSOR_DEFINITIONS = (
					"DEBUG=1",
					"$(inherited)",
				);
				GCC_SYMBOLS_PRIVATE_EXTERN = NO;
				GCC_VERSION = com.apple.compilers.llvmgcc42;
				GCC_WARN_ABOUT_MISSING_PROTOTYPES = YES;
				GCC_WARN_ABOUT_RETURN_TYPE = YES;
				GCC_WARN_UNUSED_VARIABLE = YES;
				IPHONEOS_DEPLOYMENT_TARGET = 4.3;
				SDKROOT = iphoneos;
			};
			name = Debug;
		};
		DD1491BA143D86AB0093C0AA /* Release */ = {
			isa = XCBuildConfiguration;
			buildSettings = {
				ALWAYS_SEARCH_USER_PATHS = NO;
				ARCHS = "$(ARCHS_STANDARD_32_BIT)";
				"CODE_SIGN_IDENTITY[sdk=iphoneos*]" = "iPhone Developer";
				COPY_PHASE_STRIP = YES;
				GCC_C_LANGUAGE_STANDARD = gnu99;
				GCC_VERSION = com.apple.compilers.llvmgcc42;
				GCC_WARN_ABOUT_MISSING_PROTOTYPES = YES;
				GCC_WARN_ABOUT_RETURN_TYPE = YES;
				GCC_WARN_UNUSED_VARIABLE = YES;
				IPHONEOS_DEPLOYMENT_TARGET = 4.3;
				OTHER_CFLAGS = "-DNS_BLOCK_ASSERTIONS=1";
				SDKROOT = iphoneos;
				VALIDATE_PRODUCT = YES;
			};
			name = Release;
		};
		DD1491BC143D86AB0093C0AA /* Debug */ = {
			isa = XCBuildConfiguration;
			buildSettings = {
				GCC_PRECOMPILE_PREFIX_HEADER = YES;
				GCC_PREFIX_HEADER = "UIActionSheetTry/UIActionSheetTry-Prefix.pch";
				INFOPLIST_FILE = "UIActionSheetTry/UIActionSheetTry-Info.plist";
				PRODUCT_NAME = "$(TARGET_NAME)";
				WRAPPER_EXTENSION = app;
			};
			name = Debug;
		};
		DD1491BD143D86AB0093C0AA /* Release */ = {
			isa = XCBuildConfiguration;
			buildSettings = {
				GCC_PRECOMPILE_PREFIX_HEADER = YES;
				GCC_PREFIX_HEADER = "UIActionSheetTry/UIActionSheetTry-Prefix.pch";
				INFOPLIST_FILE = "UIActionSheetTry/UIActionSheetTry-Info.plist";
				PRODUCT_NAME = "$(TARGET_NAME)";
				WRAPPER_EXTENSION = app;
			};
			name = Release;
		};
/* End XCBuildConfiguration section */

/* Begin XCConfigurationList section */
		DD149194143D86AA0093C0AA /* Build configuration list for PBXProject "UIActionSheetTry" */ = {
			isa = XCConfigurationList;
			buildConfigurations = (
				DD1491B9143D86AB0093C0AA /* Debug */,
				DD1491BA143D86AB0093C0AA /* Release */,
			);
			defaultConfigurationIsVisible = 0;
			defaultConfigurationName = Release;
		};
		DD1491BB143D86AB0093C0AA /* Build configuration list for PBXNativeTarget "UIActionSheetTry" */ = {
			isa = XCConfigurationList;
			buildConfigurations = (
				DD1491BC143D86AB0093C0AA /* Debug */,
				DD1491BD143D86AB0093C0AA /* Release */,
			);
			defaultConfigurationIsVisible = 0;
		};
/* End XCConfigurationList section */
	};
	rootObject = DD149191143D86AA0093C0AA /* Project object */;
}
